
Microsoft Visual Studio Solution File, Format Version 12.00
# Visual Studio 15
VisualStudioVersion = 15.0.28010.2048
MinimumVisualStudioVersion = 10.0.40219.1
Project("{FAE04EC0-301F-11D3-BF4B-00C04F79EFBC}") = "BottomNavigationBar", "BottomNavigationBar\BottomNavigationBar\BottomNavigationBar.csproj", "{66008ADF-E361-4D38-B8E6-F53DC27F6967}"
EndProject
Project("{FAE04EC0-301F-11D3-BF4B-00C04F79EFBC}") = "BottomNavigationBar.Android", "BottomNavigationBar\BottomNavigationBar.Android\BottomNavigationBar.Android.csproj", "{51D663EF-D82A-4A9E-9E4C-09FE5EB029FC}"
EndProject
Project("{FAE04EC0-301F-11D3-BF4B-00C04F79EFBC}") = "BottomNavigationBar.iOS", "BottomNavigationBar\BottomNavigationBar.iOS\BottomNavigationBar.iOS.csproj", "{795D3716-75B5-40CD-820F-3F8A131F5659}"
EndProject
Global
	GlobalSection(SolutionConfigurationPlatforms) = preSolution
		Ad-Hoc|Any CPU = Ad-Hoc|Any CPU
		Ad-Hoc|iPhone = Ad-Hoc|iPhone
		Ad-Hoc|iPhoneSimulator = Ad-Hoc|iPhoneSimulator
		AppStore|Any CPU = AppStore|Any CPU
		AppStore|iPhone = AppStore|iPhone
		AppStore|iPhoneSimulator = AppStore|iPhoneSimulator
		Debug|Any CPU = Debug|Any CPU
		Debug|iPhone = Debug|iPhone
		Debug|iPhoneSimulator = Debug|iPhoneSimulator
		Release|Any CPU = Release|Any CPU
		Release|iPhone = Release|iPhone
		Release|iPhoneSimulator = Release|iPhoneSimulator
	EndGlobalSection
	GlobalSection(ProjectConfigurationPlatforms) = postSolution
		{66008ADF-E361-4D38-B8E6-F53DC27F6967}.Ad-Hoc|Any CPU.ActiveCfg = Debug|Any CPU
		{66008ADF-E361-4D38-B8E6-F53DC27F6967}.Ad-Hoc|Any CPU.Build.0 = Debug|Any CPU
		{66008ADF-E361-4D38-B8E6-F53DC27F6967}.Ad-Hoc|iPhone.ActiveCfg = Debug|Any CPU
		{66008ADF-E361-4D38-B8E6-F53DC27F6967}.Ad-Hoc|iPhone.Build.0 = Debug|Any CPU
		{66008ADF-E361-4D38-B8E6-F53DC27F6967}.Ad-Hoc|iPhoneSimulator.ActiveCfg = Debug|Any CPU
		{66008ADF-E361-4D38-B8E6-F53DC27F6967}.Ad-Hoc|iPhoneSimulator.Build.0 = Debug|Any CPU
		{66008ADF-E361-4D38-B8E6-F53DC27F6967}.AppStore|Any CPU.ActiveCfg = Debug|Any CPU
		{66008ADF-E361-4D38-B8E6-F53DC27F6967}.AppStore|Any CPU.Build.0 = Debug|Any CPU
		{66008ADF-E361-4D38-B8E6-F53DC27F6967}.AppStore|iPhone.ActiveCfg = Debug|Any CPU
		{66008ADF-E361-4D38-B8E6-F53DC27F6967}.AppStore|iPhone.Build.0 = Debug|Any CPU
		{66008ADF-E361-4D38-B8E6-F53DC27F6967}.AppStore|iPhoneSimulator.ActiveCfg = Debug|Any CPU
		{66008ADF-E361-4D38-B8E6-F53DC27F6967}.AppStore|iPhoneSimulator.Build.0 = Debug|Any CPU
		{66008ADF-E361-4D38-B8E6-F53DC27F6967}.Debug|Any CPU.ActiveCfg = Debug|Any CPU
		{66008ADF-E361-4D38-B8E6-F53DC27F6967}.Debug|Any CPU.Build.0 = Debug|Any CPU
		{66008ADF-E361-4D38-B8E6-F53DC27F6967}.Debug|iPhone.ActiveCfg = Debug|Any CPU
		{66008ADF-E361-4D38-B8E6-F53DC27F6967}.Debug|iPhone.Build.0 = Debug|Any CPU
		{66008ADF-E361-4D38-B8E6-F53DC27F6967}.Debug|iPhoneSimulator.ActiveCfg = Debug|Any CPU
		{66008ADF-E361-4D38-B8E6-F53DC27F6967}.Debug|iPhoneSimulator.Build.0 = Debug|Any CPU
		{66008ADF-E361-4D38-B8E6-F53DC27F6967}.Release|Any CPU.ActiveCfg = Release|Any CPU
		{66008ADF-E361-4D38-B8E6-F53DC27F6967}.Release|Any CPU.Build.0 = Release|Any CPU
		{66008ADF-E361-4D38-B8E6-F53DC27F6967}.Release|iPhone.ActiveCfg = Release|Any CPU
		{66008ADF-E361-4D38-B8E6-F53DC27F6967}.Release|iPhone.Build.0 = Release|Any CPU
		{66008ADF-E361-4D38-B8E6-F53DC27F6967}.Release|iPhoneSimulator.ActiveCfg = Release|Any CPU
		{66008ADF-E361-4D38-B8E6-F53DC27F6967}.Release|iPhoneSimulator.Build.0 = Release|Any CPU
		{51D663EF-D82A-4A9E-9E4C-09FE5EB029FC}.Ad-Hoc|Any CPU.ActiveCfg = Release|Any CPU
		{51D663EF-D82A-4A9E-9E4C-09FE5EB029FC}.Ad-Hoc|Any CPU.Build.0 = Release|Any CPU
		{51D663EF-D82A-4A9E-9E4C-09FE5EB029FC}.Ad-Hoc|Any CPU.Deploy.0 = Release|Any CPU
		{51D663EF-D82A-4A9E-9E4C-09FE5EB029FC}.Ad-Hoc|iPhone.ActiveCfg = Release|Any CPU
		{51D663EF-D82A-4A9E-9E4C-09FE5EB029FC}.Ad-Hoc|iPhone.Build.0 = Release|Any CPU
		{51D663EF-D82A-4A9E-9E4C-09FE5EB029FC}.Ad-Hoc|iPhone.Deploy.0 = Release|Any CPU
		{51D663EF-D82A-4A9E-9E4C-09FE5EB029FC}.Ad-Hoc|iPhoneSimulator.ActiveCfg = Release|Any CPU
		{51D663EF-D82A-4A9E-9E4C-09FE5EB029FC}.Ad-Hoc|iPhoneSimulator.Build.0 = Release|Any CPU
		{51D663EF-D82A-4A9E-9E4C-09FE5EB029FC}.Ad-Hoc|iPhoneSimulator.Deploy.0 = Release|Any CPU
		{51D663EF-D82A-4A9E-9E4C-09FE5EB029FC}.AppStore|Any CPU.ActiveCfg = Release|Any CPU
		{51D663EF-D82A-4A9E-9E4C-09FE5EB029FC}.AppStore|Any CPU.Build.0 = Release|Any CPU
		{51D663EF-D82A-4A9E-9E4C-09FE5EB029FC}.AppStore|Any CPU.Deploy.0 = Release|Any CPU
		{51D663EF-D82A-4A9E-9E4C-09FE5EB029FC}.AppStore|iPhone.ActiveCfg = Release|Any CPU
		{51D663EF-D82A-4A9E-9E4C-09FE5EB029FC}.AppStore|iPhone.Build.0 = Release|Any CPU
		{51D663EF-D82A-4A9E-9E4C-09FE5EB029FC}.AppStore|iPhone.Deploy.0 = Release|Any CPU
		{51D663EF-D82A-4A9E-9E4C-09FE5EB029FC}.AppStore|iPhoneSimulator.ActiveCfg = Release|Any CPU
		{51D663EF-D82A-4A9E-9E4C-09FE5EB029FC}.AppStore|iPhoneSimulator.Build.0 = Release|Any CPU
		{51D663EF-D82A-4A9E-9E4C-09FE5EB029FC}.AppStore|iPhoneSimulator.Deploy.0 = Release|Any CPU
		{51D663EF-D82A-4A9E-9E4C-09FE5EB029FC}.Debug|Any CPU.ActiveCfg = Debug|Any CPU
		{51D663EF-D82A-4A9E-9E4C-09FE5EB029FC}.Debug|Any CPU.Build.0 = Debug|Any CPU
		{51D663EF-D82A-4A9E-9E4C-09FE5EB029FC}.Debug|Any CPU.Deploy.0 = Debug|Any CPU
		{51D663EF-D82A-4A9E-9E4C-09FE5EB029FC}.Debug|iPhone.ActiveCfg = Debug|Any CPU
		{51D663EF-D82A-4A9E-9E4C-09FE5EB029FC}.Debug|iPhone.Build.0 = Debug|Any CPU
		{51D663EF-D82A-4A9E-9E4C-09FE5EB029FC}.Debug|iPhone.Deploy.0 = Debug|Any CPU
		{51D663EF-D82A-4A9E-9E4C-09FE5EB029FC}.Debug|iPhoneSimulator.ActiveCfg = Debug|Any CPU
		{51D663EF-D82A-4A9E-9E4C-09FE5EB029FC}.Debug|iPhoneSimulator.Build.0 = Debug|Any CPU
		{51D663EF-D82A-4A9E-9E4C-09FE5EB029FC}.Debug|iPhoneSimulator.Deploy.0 = Debug|Any CPU
		{51D663EF-D82A-4A9E-9E4C-09FE5EB029FC}.Release|Any CPU.ActiveCfg = Release|Any CPU
		{51D663EF-D82A-4A9E-9E4C-09FE5EB029FC}.Release|Any CPU.Build.0 = Release|Any CPU
		{51D663EF-D82A-4A9E-9E4C-09FE5EB029FC}.Release|Any CPU.Deploy.0 = Release|Any CPU
		{51D663EF-D82A-4A9E-9E4C-09FE5EB029FC}.Release|iPhone.ActiveCfg = Release|Any CPU
		{51D663EF-D82A-4A9E-9E4C-09FE5EB029FC}.Release|iPhone.Build.0 = Release|Any CPU
		{51D663EF-D82A-4A9E-9E4C-09FE5EB029FC}.Release|iPhone.Deploy.0 = Release|Any CPU
		{51D663EF-D82A-4A9E-9E4C-09FE5EB029FC}.Release|iPhoneSimulator.ActiveCfg = Release|Any CPU
		{51D663EF-D82A-4A9E-9E4C-09FE5EB029FC}.Release|iPhoneSimulator.Build.0 = Release|Any CPU
		{51D663EF-D82A-4A9E-9E4C-09FE5EB029FC}.Release|iPhoneSimulator.Deploy.0 = Release|Any CPU
		{795D3716-75B5-40CD-820F-3F8A131F5659}.Ad-Hoc|Any CPU.ActiveCfg = Ad-Hoc|iPhone
		{795D3716-75B5-40CD-820F-3F8A131F5659}.Ad-Hoc|iPhone.ActiveCfg = Ad-Hoc|iPhone
		{795D3716-75B5-40CD-820F-3F8A131F5659}.Ad-Hoc|iPhone.Build.0 = Ad-Hoc|iPhone
		{795D3716-75B5-40CD-820F-3F8A131F5659}.Ad-Hoc|iPhoneSimulator.ActiveCfg = Ad-Hoc|iPhoneSimulator
		{795D3716-75B5-40CD-820F-3F8A131F5659}.Ad-Hoc|iPhoneSimulator.Build.0 = Ad-Hoc|iPhoneSimulator
		{795D3716-75B5-40CD-820F-3F8A131F5659}.AppStore|Any CPU.ActiveCfg = AppStore|iPhone
		{795D3716-75B5-40CD-820F-3F8A131F5659}.AppStore|iPhone.ActiveCfg = AppStore|iPhone
		{795D3716-75B5-40CD-820F-3F8A131F5659}.AppStore|iPhone.Build.0 = AppStore|iPhone
		{795D3716-75B5-40CD-820F-3F8A131F5659}.AppStore|iPhoneSimulator.ActiveCfg = AppStore|iPhoneSimulator
		{795D3716-75B5-40CD-820F-3F8A131F5659}.AppStore|iPhoneSimulator.Build.0 = AppStore|iPhoneSimulator
		{795D3716-75B5-40CD-820F-3F8A131F5659}.Debug|Any CPU.ActiveCfg = Debug|iPhone
		{795D3716-75B5-40CD-820F-3F8A131F5659}.Debug|iPhone.ActiveCfg = Debug|iPhone
		{795D3716-75B5-40CD-820F-3F8A131F5659}.Debug|iPhone.Build.0 = Debug|iPhone
		{795D3716-75B5-40CD-820F-3F8A131F5659}.Debug|iPhoneSimulator.ActiveCfg = Debug|iPhoneSimulator
		{795D3716-75B5-40CD-820F-3F8A131F5659}.Debug|iPhoneSimulator.Build.0 = Debug|iPhoneSimulator
		{795D3716-75B5-40CD-820F-3F8A131F5659}.Release|Any CPU.ActiveCfg = Release|iPhone
		{795D3716-75B5-40CD-820F-3F8A131F5659}.Release|iPhone.ActiveCfg = Release|iPhone
		{795D3716-75B5-40CD-820F-3F8A131F5659}.Release|iPhone.Build.0 = Release|iPhone
		{795D3716-75B5-40CD-820F-3F8A131F5659}.Release|iPhoneSimulator.ActiveCfg = Release|iPhoneSimulator
		{795D3716-75B5-40CD-820F-3F8A131F5659}.Release|iPhoneSimulator.Build.0 = Release|iPhoneSimulator
	EndGlobalSection
	GlobalSection(SolutionProperties) = preSolution
		HideSolutionNode = FALSE
	EndGlobalSection
	GlobalSection(ExtensibilityGlobals) = postSolution
		SolutionGuid = {45481753-3CFD-49FC-B575-CFADFCA74683}
	EndGlobalSection
EndGlobal
